{
  "name": "@nuhin13/pattern-surgeon",
  "version": "1.0.0",
  "lockfileVersion": 3,
  "requires": true,
  "packages": {
    "": {
      "name": "@nuhin13/pattern-surgeon",
      "version": "1.0.0",
      "hasInstallScript": true,
      "license": "MIT",
      "bin": {
        "pattern-surgeon": "bin/install.js"
      },
      "engines": {
        "node": ">=18"
      }
    }
  }
}
